
Microsoft Visual Studio Solution File, Format Version 12.00
# Visual Studio Version 16
VisualStudioVersion = 16.0.31129.286
MinimumVisualStudioVersion = 10.0.40219.1
Project("{9A19103F-16F7-4668-BE54-9A1E7A4F7556}") = "TemperatureProject.BackupTool", "TemperatureProject.BackupTool\TemperatureProject.BackupTool.csproj", "{2D4AC069-BCF2-402C-ACD3-1B80CF1C98E2}"
EndProject
Project("{9A19103F-16F7-4668-BE54-9A1E7A4F7556}") = "TemperatureProject.Core", "TemperatureProject.Core\TemperatureProject.Core.csproj", "{2DCB777C-3515-4C8A-A5DB-207E7BCCBE00}"
EndProject
Project("{9A19103F-16F7-4668-BE54-9A1E7A4F7556}") = "TemperatureProject.API", "TemperatureProject.API\TemperatureProject.API.csproj", "{83D5C50F-50FF-485C-89EF-CDDC249EDBD0}"
EndProject
Global
	GlobalSection(SolutionConfigurationPlatforms) = preSolution
		Debug|Any CPU = Debug|Any CPU
		Release|Any CPU = Release|Any CPU
	EndGlobalSection
	GlobalSection(ProjectConfigurationPlatforms) = postSolution
		{2D4AC069-BCF2-402C-ACD3-1B80CF1C98E2}.Debug|Any CPU.ActiveCfg = Debug|Any CPU
		{2D4AC069-BCF2-402C-ACD3-1B80CF1C98E2}.Debug|Any CPU.Build.0 = Debug|Any CPU
		{2D4AC069-BCF2-402C-ACD3-1B80CF1C98E2}.Release|Any CPU.ActiveCfg = Release|Any CPU
		{2D4AC069-BCF2-402C-ACD3-1B80CF1C98E2}.Release|Any CPU.Build.0 = Release|Any CPU
		{2DCB777C-3515-4C8A-A5DB-207E7BCCBE00}.Debug|Any CPU.ActiveCfg = Debug|Any CPU
		{2DCB777C-3515-4C8A-A5DB-207E7BCCBE00}.Debug|Any CPU.Build.0 = Debug|Any CPU
		{2DCB777C-3515-4C8A-A5DB-207E7BCCBE00}.Release|Any CPU.ActiveCfg = Release|Any CPU
		{2DCB777C-3515-4C8A-A5DB-207E7BCCBE00}.Release|Any CPU.Build.0 = Release|Any CPU
		{83D5C50F-50FF-485C-89EF-CDDC249EDBD0}.Debug|Any CPU.ActiveCfg = Debug|Any CPU
		{83D5C50F-50FF-485C-89EF-CDDC249EDBD0}.Debug|Any CPU.Build.0 = Debug|Any CPU
		{83D5C50F-50FF-485C-89EF-CDDC249EDBD0}.Release|Any CPU.ActiveCfg = Release|Any CPU
		{83D5C50F-50FF-485C-89EF-CDDC249EDBD0}.Release|Any CPU.Build.0 = Release|Any CPU
	EndGlobalSection
	GlobalSection(SolutionProperties) = preSolution
		HideSolutionNode = FALSE
	EndGlobalSection
	GlobalSection(ExtensibilityGlobals) = postSolution
		SolutionGuid = {486DAD46-106F-4549-BFBF-2A02BE2B7E3E}
	EndGlobalSection
EndGlobal
